
Microsoft Visual Studio Solution File, Format Version 12.00
# Visual Studio Version 17
VisualStudioVersion = 17.2.32616.157
MinimumVisualStudioVersion = 10.0.40219.1
Project("{FAE04EC0-301F-11D3-BF4B-00C04F79EFBC}") = "calculator6", "calculator6\calculator6.csproj", "{17292D09-3574-4283-AF9A-4D267C26B6D0}"
EndProject
Global
	GlobalSection(SolutionConfigurationPlatforms) = preSolution
		Debug|Any CPU = Debug|Any CPU
		Release|Any CPU = Release|Any CPU
	EndGlobalSection
	GlobalSection(ProjectConfigurationPlatforms) = postSolution
		{17292D09-3574-4283-AF9A-4D267C26B6D0}.Debug|Any CPU.ActiveCfg = Debug|Any CPU
		{17292D09-3574-4283-AF9A-4D267C26B6D0}.Debug|Any CPU.Build.0 = Debug|Any CPU
		{17292D09-3574-4283-AF9A-4D267C26B6D0}.Release|Any CPU.ActiveCfg = Release|Any CPU
		{17292D09-3574-4283-AF9A-4D267C26B6D0}.Release|Any CPU.Build.0 = Release|Any CPU
	EndGlobalSection
	GlobalSection(SolutionProperties) = preSolution
		HideSolutionNode = FALSE
	EndGlobalSection
	GlobalSection(ExtensibilityGlobals) = postSolution
		SolutionGuid = {5A2BE5E1-4159-4647-9142-2F88F730278D}
	EndGlobalSection
EndGlobal
